
Microsoft Visual Studio Solution File, Format Version 12.00
# Visual Studio Version 17
VisualStudioVersion = 17.3.32819.101
MinimumVisualStudioVersion = 10.0.40219.1
Project("{FAE04EC0-301F-11D3-BF4B-00C04F79EFBC}") = "unlimited_radar", "unlimited_radar\unlimited_radar.csproj", "{5F1957C2-8BF0-4D81-B7CB-7DB9B04E1C0F}"
EndProject
Global
	GlobalSection(SolutionConfigurationPlatforms) = preSolution
		Debug|Any CPU = Debug|Any CPU
		Release|Any CPU = Release|Any CPU
	EndGlobalSection
	GlobalSection(ProjectConfigurationPlatforms) = postSolution
		{5F1957C2-8BF0-4D81-B7CB-7DB9B04E1C0F}.Debug|Any CPU.ActiveCfg = Debug|Any CPU
		{5F1957C2-8BF0-4D81-B7CB-7DB9B04E1C0F}.Debug|Any CPU.Build.0 = Debug|Any CPU
		{5F1957C2-8BF0-4D81-B7CB-7DB9B04E1C0F}.Release|Any CPU.ActiveCfg = Release|Any CPU
		{5F1957C2-8BF0-4D81-B7CB-7DB9B04E1C0F}.Release|Any CPU.Build.0 = Release|Any CPU
	EndGlobalSection
	GlobalSection(SolutionProperties) = preSolution
		HideSolutionNode = FALSE
	EndGlobalSection
	GlobalSection(ExtensibilityGlobals) = postSolution
		SolutionGuid = {04636F72-3714-4ADF-8D8B-CD1B23AD508E}
	EndGlobalSection
EndGlobal
